hash: e1e8f2d3a4d28f272f3473820cd33c1879c7759fde933dcba6e5450eee4ec0e8
updated: 2018-05-22T01:39:27.27878848+09:00
imports:
- name: github.com/armon/go-metrics
  version: 783273d703149aaeb9897cf58613d5af48861c25
- name: github.com/go-log/log
  version: 37e2e1f19306361e1fc152a1839f1236149cb4e4
  subpackages:
  - log
- name: github.com/golang/protobuf
  version: 70c277a8a150a8e069492e6600926300405c2884
  subpackages:
  - proto
  - ptypes
  - ptypes/any
  - ptypes/duration
  - ptypes/timestamp
- name: github.com/hashicorp/consul
  version: ad27d72d6a495838cced3308690e753fc59cd4b4
  subpackages:
  - api
  - watch
- name: github.com/hashicorp/go-cleanhttp
  version: d5fe4b57a186c716b0e00b8c301cbd9b4182694d
- name: github.com/hashicorp/go-immutable-radix
  version: 7f3cd4390caab3250a57f30efdb2a65dd7649ecf
- name: github.com/hashicorp/go-rootcerts
  version: 6bb64b370b90e7ef1fa532be9e591a81c3493e00
- name: github.com/hashicorp/golang-lru
  version: 0fb14efe8c47ae851c0034ed7a448854d3d34cf3
  subpackages:
  - simplelru
- name: github.com/hashicorp/serf
  version: 80ab48778deee28e4ea2dc4ef1ebb2c5f4063996
  subpackages:
  - coordinate
- name: github.com/micro/cli
  version: 3d2263bb092286dde294a31049c92665f8373820
- name: github.com/micro/examples
  version: 1891367d7b53e165732e7b6754f223c440f54449
  subpackages:
  - greeter/srv/proto/hello
- name: github.com/micro/go-grpc
  version: 5b86556fa44041d73b82033362e32ff9456e7c4b
- name: github.com/micro/go-log
  version: cbfa9447f9b655f8e66583237e51f40ca9bff860
- name: github.com/micro/go-micro
  version: 909e13a24ae228d686281e7fc53c7da1ddc27ae5
  subpackages:
  - broker
  - broker/codec
  - broker/codec/json
  - broker/http
  - client
  - cmd
  - codec
  - codec/jsonrpc
  - codec/protorpc
  - errors
  - metadata
  - registry
  - registry/consul
  - registry/mdns
  - selector
  - selector/cache
  - server
  - server/debug
  - server/debug/proto
  - transport
  - transport/codec
  - transport/http
- name: github.com/micro/go-plugins
  version: 9952b511b6decedd7cb2d3d72226589d9ec983f5
  subpackages:
  - client/grpc
  - registry/kubernetes
  - registry/kubernetes/client
  - registry/kubernetes/client/api
  - registry/kubernetes/client/watch
  - selector/static
  - server/grpc
- name: github.com/micro/go-rcache
  version: a581a57b513351792b9f21fc8b95d87b1c5a95da
- name: github.com/micro/kubernetes
  version: 310b0937c26d7cc4456757387f3da6fab6aad927
  subpackages:
  - go/micro
- name: github.com/micro/mdns
  version: cdf30746f9f70dc7a366d3d885792a092fd83102
- name: github.com/micro/util
  version: 4b7ed83e8520ab8fe6e5ef61fa2ede94b32f8602
  subpackages:
  - go/lib/addr
  - go/lib/grpc
  - go/lib/net
  - go/lib/tls
- name: github.com/miekg/dns
  version: 0f8c7717de1f36b4eacd86549aa7e4d70085d4e0
- name: github.com/mitchellh/go-homedir
  version: b8bc1bf767474819792c23f32d8286a45736f1c6
- name: github.com/mitchellh/hashstructure
  version: 2bca23e0e452137f789efbc8610126fd8b94f73b
- name: github.com/mitchellh/mapstructure
  version: bb74f1db0675b241733089d5a1faa5dd8b0ef57b
- name: github.com/pborman/uuid
  version: c65b2f87fee37d1c7854c9164a450713c28d50cd
- name: github.com/pkg/errors
  version: 816c9085562cd7ee03e7f8188a1cfd942858cded
- name: golang.org/x/crypto
  version: 1a580b3eff7814fc9b40602fd35256c63b50f491
  subpackages:
  - ed25519
  - ed25519/internal/edwards25519
- name: golang.org/x/net
  version: 57065200b4b034a1c8ad54ff77069408c2218ae6
  subpackages:
  - bpf
  - context
  - http/httpguts
  - http2
  - http2/hpack
  - idna
  - internal/iana
  - internal/socket
  - internal/timeseries
  - ipv4
  - ipv6
  - trace
- name: golang.org/x/text
  version: 5c1cf69b5978e5a34c5f9ba09a83e56acc4b7877
  subpackages:
  - secure/bidirule
  - transform
  - unicode/bidi
  - unicode/norm
- name: google.golang.org/genproto
  version: 11a468237815f3a3ddf9f7c6e8b6b3b382a24d15
  subpackages:
  - googleapis/rpc/status
- name: google.golang.org/grpc
  version: 3b7feb1847c899055b799fc77693e376cd4ea0d9
  subpackages:
  - balancer
  - balancer/base
  - balancer/roundrobin
  - channelz
  - codes
  - connectivity
  - credentials
  - encoding
  - encoding/proto
  - grpclb/grpc_lb_v1/messages
  - grpclog
  - internal
  - keepalive
  - metadata
  - naming
  - peer
  - resolver
  - resolver/dns
  - resolver/passthrough
  - stats
  - status
  - tap
  - transport
testImports: []
